{
  "name": "expo-react-native-victory",
  "version": "1.0.0",
  "lockfileVersion": 3,
  "requires": true,
  "packages": {
    "": {
      "name": "expo-react-native-victory",
      "version": "1.0.0",
      "license": "MIT",
      "dependencies": {
        "victory-native": "~36.7.0"
      },
      "devDependencies": {}
    },
    "node_modules/@types/d3-array": {
      "version": "3.2.1",
      "resolved": "https://registry.npmjs.org/@types/d3-array/-/d3-array-3.2.1.tgz",
      "integrity": "sha512-Y2Jn2idRrLzUfAKV2LyRImR+y4oa2AntrgID95SHJxuMUrkNXmanDSed71sRNZysveJVt1hLLemQZIady0FpEg=="
    },
    "node_modules/@types/d3-color": {
      "version": "3.1.3",
      "resolved": "https://registry.npmjs.org/@types/d3-color/-/d3-color-3.1.3.tgz",
      "integrity": "sha512-iO90scth9WAbmgv7ogoq57O9YpKmFBbmoEoCHDB2xMBY0+/KVrqAaCDyCE16dUspeOvIxFFRI+0sEtqDqy2b4A=="
    },
    "node_modules/@types/d3-ease": {
      "version": "3.0.2",
      "resolved": "https://registry.npmjs.org/@types/d3-ease/-/d3-ease-3.0.2.tgz",
      "integrity": "sha512-NcV1JjO5oDzoK26oMzbILE6HW7uVXOHLQvHshBUW4UMdZGfiY6v5BeQwh9a9tCzv+CeefZQHJt5SRgK154RtiA=="
    },
    "node_modules/@types/d3-interpolate": {
      "version": "3.0.4",
      "resolved": "https://registry.npmjs.org/@types/d3-interpolate/-/d3-interpolate-3.0.4.tgz",
      "integrity": "sha512-mgLPETlrpVV1YRJIglr4Ez47g7Yxjl1lj7YKsiMCb27VJH9W8NVM6Bb9d8kkpG/uAQS5AmbA48q2IAolKKo1MA==",
      "dependencies": {
        "@types/d3-color": "*"
      }
    },
    "node_modules/@types/d3-path": {
      "version": "3.0.2",
      "resolved": "https://registry.npmjs.org/@types/d3-path/-/d3-path-3.0.2.tgz",
      "integrity": "sha512-WAIEVlOCdd/NKRYTsqCpOMHQHemKBEINf8YXMYOtXH0GA7SY0dqMB78P3Uhgfy+4X+/Mlw2wDtlETkN6kQUCMA=="
    },
    "node_modules/@types/d3-scale": {
      "version": "4.0.8",
      "resolved": "https://registry.npmjs.org/@types/d3-scale/-/d3-scale-4.0.8.tgz",
      "integrity": "sha512-gkK1VVTr5iNiYJ7vWDI+yUFFlszhNMtVeneJ6lUTKPjprsvLLI9/tgEGiXJOnlINJA8FyA88gfnQsHbybVZrYQ==",
      "dependencies": {
        "@types/d3-time": "*"
      }
    },
    "node_modules/@types/d3-shape": {
      "version": "3.1.6",
      "resolved": "https://registry.npmjs.org/@types/d3-shape/-/d3-shape-3.1.6.tgz",
      "integrity": "sha512-5KKk5aKGu2I+O6SONMYSNflgiP0WfZIQvVUMan50wHsLG1G94JlxEVnCpQARfTtzytuY0p/9PXXZb3I7giofIA==",
      "dependencies": {
        "@types/d3-path": "*"
      }
    },
    "node_modules/@types/d3-time": {
      "version": "3.0.3",
      "resolved": "https://registry.npmjs.org/@types/d3-time/-/d3-time-3.0.3.tgz",
      "integrity": "sha512-2p6olUZ4w3s+07q3Tm2dbiMZy5pCDfYwtLXXHUnVzXgQlZ/OyPtUz6OL382BkOuGlLXqfT+wqv8Fw2v8/0geBw=="
    },
    "node_modules/@types/d3-timer": {
      "version": "3.0.2",
      "resolved": "https://registry.npmjs.org/@types/d3-timer/-/d3-timer-3.0.2.tgz",
      "integrity": "sha512-Ps3T8E8dZDam6fUyNiMkekK3XUsaUEik+idO9/YjPtfj2qruF8tFBXS7XhtE4iIXBLxhmLjP3SXpLhVf21I9Lw=="
    },
    "node_modules/d3-array": {
      "version": "3.2.4",
      "resolved": "https://registry.npmjs.org/d3-array/-/d3-array-3.2.4.tgz",
      "integrity": "sha512-tdQAmyA18i4J7wprpYq8ClcxZy3SC31QMeByyCFyRt7BVHdREQZ5lpzoe5mFEYZUWe+oq8HBvk9JjpibyEV4Jg==",
      "dependencies": {
        "internmap": "1 - 2"
      },
      "engines": {
        "node": ">=12"
      }
    },
    "node_modules/d3-color": {
      "version": "3.1.0",
      "resolved": "https://registry.npmjs.org/d3-color/-/d3-color-3.1.0.tgz",
      "integrity": "sha512-zg/chbXyeBtMQ1LbD/WSoW2DpC3I0mpmPdW+ynRTj/x2DAWYrIY7qeZIHidozwV24m4iavr15lNwIwLxRmOxhA==",
      "engines": {
        "node": ">=12"
      }
    },
    "node_modules/d3-ease": {
      "version": "3.0.1",
      "resolved": "https://registry.npmjs.org/d3-ease/-/d3-ease-3.0.1.tgz",
      "integrity": "sha512-wR/XK3D3XcLIZwpbvQwQ5fK+8Ykds1ip7A2Txe0yxncXSdq1L9skcG7blcedkOX+ZcgxGAmLX1FrRGbADwzi0w==",
      "engines": {
        "node": ">=12"
      }
    },
    "node_modules/d3-format": {
      "version": "3.1.0",
      "resolved": "https://registry.npmjs.org/d3-format/-/d3-format-3.1.0.tgz",
      "integrity": "sha512-YyUI6AEuY/Wpt8KWLgZHsIU86atmikuoOmCfommt0LYHiQSPjvX2AcFc38PX0CBpr2RCyZhjex+NS/LPOv6YqA==",
      "engines": {
        "node": ">=12"
      }
    },
    "node_modules/d3-interpolate": {
      "version": "3.0.1",
      "resolved": "https://registry.npmjs.org/d3-interpolate/-/d3-interpolate-3.0.1.tgz",
      "integrity": "sha512-3bYs1rOD33uo8aqJfKP3JWPAibgw8Zm2+L9vBKEHJ2Rg+viTR7o5Mmv5mZcieN+FRYaAOWX5SJATX6k1PWz72g==",
      "dependencies": {
        "d3-color": "1 - 3"
      },
      "engines": {
        "node": ">=12"
      }
    },
    "node_modules/d3-path": {
      "version": "3.1.0",
      "resolved": "https://registry.npmjs.org/d3-path/-/d3-path-3.1.0.tgz",
      "integrity": "sha512-p3KP5HCf/bvjBSSKuXid6Zqijx7wIfNW+J/maPs+iwR35at5JCbLUT0LzF1cnjbCHWhqzQTIN2Jpe8pRebIEFQ==",
      "engines": {
        "node": ">=12"
      }
    },
    "node_modules/d3-scale": {
      "version": "4.0.2",
      "resolved": "https://registry.npmjs.org/d3-scale/-/d3-scale-4.0.2.tgz",
      "integrity": "sha512-GZW464g1SH7ag3Y7hXjf8RoUuAFIqklOAq3MRl4OaWabTFJY9PN/E1YklhXLh+OQ3fM9yS2nOkCoS+WLZ6kvxQ==",
      "dependencies": {
        "d3-array": "2.10.0 - 3",
        "d3-format": "1 - 3",
        "d3-interpolate": "1.2.0 - 3",
        "d3-time": "2.1.1 - 3",
        "d3-time-format": "2 - 4"
      },
      "engines": {
        "node": ">=12"
      }
    },
    "node_modules/d3-shape": {
      "version": "3.2.0",
      "resolved": "https://registry.npmjs.org/d3-shape/-/d3-shape-3.2.0.tgz",
      "integrity": "sha512-SaLBuwGm3MOViRq2ABk3eLoxwZELpH6zhl3FbAoJ7Vm1gofKx6El1Ib5z23NUEhF9AsGl7y+dzLe5Cw2AArGTA==",
      "dependencies": {
        "d3-path": "^3.1.0"
      },
      "engines": {
        "node": ">=12"
      }
    },
    "node_modules/d3-time": {
      "version": "3.1.0",
      "resolved": "https://registry.npmjs.org/d3-time/-/d3-time-3.1.0.tgz",
      "integrity": "sha512-VqKjzBLejbSMT4IgbmVgDjpkYrNWUYJnbCGo874u7MMKIWsILRX+OpX/gTk8MqjpT1A/c6HY2dCA77ZN0lkQ2Q==",
      "dependencies": {
        "d3-array": "2 - 3"
      },
      "engines": {
        "node": ">=12"
      }
    },
    "node_modules/d3-time-format": {
      "version": "4.1.0",
      "resolved": "https://registry.npmjs.org/d3-time-format/-/d3-time-format-4.1.0.tgz",
      "integrity": "sha512-dJxPBlzC7NugB2PDLwo9Q8JiTR3M3e4/XANkreKSUxF8vvXKqm1Yfq4Q5dl8budlunRVlUUaDUgFt7eA8D6NLg==",
      "dependencies": {
        "d3-time": "1 - 3"
      },
      "engines": {
        "node": ">=12"
      }
    },
    "node_modules/d3-timer": {
      "version": "3.0.1",
      "resolved": "https://registry.npmjs.org/d3-timer/-/d3-timer-3.0.1.tgz",
      "integrity": "sha512-ndfJ/JxxMd3nw31uyKoY2naivF+r29V+Lc0svZxe1JvvIRmi8hUsrMvdOwgS1o6uBHmiz91geQ0ylPP0aj1VUA==",
      "engines": {
        "node": ">=12"
      }
    },
    "node_modules/d3-voronoi": {
      "version": "1.1.4",
      "resolved": "https://registry.npmjs.org/d3-voronoi/-/d3-voronoi-1.1.4.tgz",
      "integrity": "sha512-dArJ32hchFsrQ8uMiTBLq256MpnZjeuBtdHpaDlYuQyjU0CVzCJl/BVW+SkszaAeH95D/8gxqAhgx0ouAWAfRg=="
    },
    "node_modules/delaunator": {
      "version": "4.0.1",
      "resolved": "https://registry.npmjs.org/delaunator/-/delaunator-4.0.1.tgz",
      "integrity": "sha512-WNPWi1IRKZfCt/qIDMfERkDp93+iZEmOxN2yy4Jg+Xhv8SLk2UTqqbe1sfiipn0and9QrE914/ihdx82Y/Giag=="
    },
    "node_modules/delaunay-find": {
      "version": "0.0.6",
      "resolved": "https://registry.npmjs.org/delaunay-find/-/delaunay-find-0.0.6.tgz",
      "integrity": "sha512-1+almjfrnR7ZamBk0q3Nhg6lqSe6Le4vL0WJDSMx4IDbQwTpUTXPjxC00lqLBT8MYsJpPCbI16sIkw9cPsbi7Q==",
      "dependencies": {
        "delaunator": "^4.0.0"
      }
    },
    "node_modules/internmap": {
      "version": "2.0.3",
      "resolved": "https://registry.npmjs.org/internmap/-/internmap-2.0.3.tgz",
      "integrity": "sha512-5Hh7Y1wQbvY5ooGgPbDaL5iYLAPzMTUrjMulskHLH6wnv/A+1q5rgEaiuqEjB+oxGXIVZs1FF+R/KPN3ZSQYYg==",
      "engines": {
        "node": ">=12"
      }
    },
    "node_modules/js-tokens": {
      "version": "4.0.0",
      "resolved": "https://registry.npmjs.org/js-tokens/-/js-tokens-4.0.0.tgz",
      "integrity": "sha512-RdJUflcE3cUzKiMqQgsCu06FPu9UdIJO0beYbPhHN4k6apgJtifcoCtT9bcxOpYBtpD2kCM6Sbzg4CausW/PKQ=="
    },
    "node_modules/json-stringify-safe": {
      "version": "5.0.1",
      "resolved": "https://registry.npmjs.org/json-stringify-safe/-/json-stringify-safe-5.0.1.tgz",
      "integrity": "sha512-ZClg6AaYvamvYEE82d3Iyd3vSSIjQ+odgjaTzRuO3s7toCdFKczob2i0zCh7JE8kWn17yvAWhUVxvqGwUalsRA=="
    },
    "node_modules/lodash": {
      "version": "4.17.21",
      "resolved": "https://registry.npmjs.org/lodash/-/lodash-4.17.21.tgz",
      "integrity": "sha512-v2kDEe57lecTulaDIuNTPy3Ry4gLGJ6Z1O3vE1krgXZNrsQ+LFTGHVxVjcXPs17LhbZVGedAJv8XZ1tvj5FvSg=="
    },
    "node_modules/loose-envify": {
      "version": "1.4.0",
      "resolved": "https://registry.npmjs.org/loose-envify/-/loose-envify-1.4.0.tgz",
      "integrity": "sha512-lyuxPGr/Wfhrlem2CL/UcnUc1zcqKAImBDzukY7Y5F/yQiNdko6+fRLevlw1HgMySw7f611UIY408EtxRSoK3Q==",
      "dependencies": {
        "js-tokens": "^3.0.0 || ^4.0.0"
      },
      "bin": {
        "loose-envify": "cli.js"
      }
    },
    "node_modules/object-assign": {
      "version": "4.1.1",
      "resolved": "https://registry.npmjs.org/object-assign/-/object-assign-4.1.1.tgz",
      "integrity": "sha512-rJgTQnkUnH1sFw8yT6VSU3zD3sWmu6sZhIseY8VX+GRu3P6F7Fu+JNDoXfklElbLJSnc3FUQHVe4cU5hj+BcUg==",
      "engines": {
        "node": ">=0.10.0"
      }
    },
    "node_modules/prop-types": {
      "version": "15.8.1",
      "resolved": "https://registry.npmjs.org/prop-types/-/prop-types-15.8.1.tgz",
      "integrity": "sha512-oj87CgZICdulUohogVAR7AjlC0327U4el4L6eAvOqCeudMDVU0NThNaV+b9Df4dXgSP1gXMTnPdhfe/2qDH5cg==",
      "dependencies": {
        "loose-envify": "^1.4.0",
        "object-assign": "^4.1.1",
        "react-is": "^16.13.1"
      }
    },
    "node_modules/react": {
      "version": "18.2.0",
      "resolved": "https://registry.npmjs.org/react/-/react-18.2.0.tgz",
      "integrity": "sha512-/3IjMdb2L9QbBdWiW5e3P2/npwMBaU9mHCSCUzNln0ZCYbcfTsGbTJrU/kGemdH2IWmB2ioZ+zkxtmq6g09fGQ==",
      "peer": true,
      "dependencies": {
        "loose-envify": "^1.1.0"
      },
      "engines": {
        "node": ">=0.10.0"
      }
    },
    "node_modules/react-fast-compare": {
      "version": "3.2.2",
      "resolved": "https://registry.npmjs.org/react-fast-compare/-/react-fast-compare-3.2.2.tgz",
      "integrity": "sha512-nsO+KSNgo1SbJqJEYRE9ERzo7YtYbou/OqjSQKxV7jcKox7+usiUVZOAC+XnDOABXggQTno0Y1CpVnuWEc1boQ=="
    },
    "node_modules/react-is": {
      "version": "16.13.1",
      "resolved": "https://registry.npmjs.org/react-is/-/react-is-16.13.1.tgz",
      "integrity": "sha512-24e6ynE2H+OKt4kqsOvNd8kBpV65zoxbA4BVsEOB3ARVWQki/DHzaUoC5KuON/BiccDaCCTZBuOcfZs70kR8bQ=="
    },
    "node_modules/victory": {
      "version": "36.7.0",
      "resolved": "https://registry.npmjs.org/victory/-/victory-36.7.0.tgz",
      "integrity": "sha512-PLHA2gXiU5P+W330ISD0CnNNBuDq6eOfsWE3csfPLwACnCxEgRhRAuqA56XAWShp1TUffcg+GhWXZvL0JGwxpA==",
      "dependencies": {
        "victory-area": "^36.7.0",
        "victory-axis": "^36.7.0",
        "victory-bar": "^36.7.0",
        "victory-box-plot": "^36.7.0",
        "victory-brush-container": "^36.7.0",
        "victory-brush-line": "^36.7.0",
        "victory-candlestick": "^36.7.0",
        "victory-canvas": "^36.7.0",
        "victory-chart": "^36.7.0",
        "victory-core": "^36.7.0",
        "victory-create-container": "^36.7.0",
        "victory-cursor-container": "^36.7.0",
        "victory-errorbar": "^36.7.0",
        "victory-group": "^36.7.0",
        "victory-histogram": "^36.7.0",
        "victory-legend": "^36.7.0",
        "victory-line": "^36.7.0",
        "victory-pie": "^36.7.0",
        "victory-polar-axis": "^36.7.0",
        "victory-scatter": "^36.7.0",
        "victory-selection-container": "^36.7.0",
        "victory-shared-events": "^36.7.0",
        "victory-stack": "^36.7.0",
        "victory-tooltip": "^36.7.0",
        "victory-voronoi": "^36.7.0",
        "victory-voronoi-container": "^36.7.0",
        "victory-zoom-container": "^36.7.0"
      },
      "peerDependencies": {
        "react": ">=16.6.0"
      }
    },
    "node_modules/victory-area": {
      "version": "36.7.0",
      "resolved": "https://registry.npmjs.org/victory-area/-/victory-area-36.7.0.tgz",
      "integrity": "sha512-mRPO/Dmx1DEBvAaFBUZRaiABKQQlsKney4kL3yUXcWU7yCltAfE7T1mgLLxfRAQoW1kILnC1dt7IZOvANhH6Lw==",
      "dependencies": {
        "lodash": "^4.17.19",
        "prop-types": "^15.8.1",
        "victory-core": "^36.7.0",
        "victory-vendor": "^36.7.0"
      },
      "peerDependencies": {
        "react": ">=16.6.0"
      }
    },
    "node_modules/victory-axis": {
      "version": "36.7.0",
      "resolved": "https://registry.npmjs.org/victory-axis/-/victory-axis-36.7.0.tgz",
      "integrity": "sha512-Q2QbzKQtcpIh7/EYT9u3i3xAKs6mD7FoxgibtpjNIG64C4xkW/6fe2TjqajdGfcmlqaqZohargmCr3UquUelsQ==",
      "dependencies": {
        "lodash": "^4.17.19",
        "prop-types": "^15.8.1",
        "victory-core": "^36.7.0"
      },
      "peerDependencies": {
        "react": ">=16.6.0"
      }
    },
    "node_modules/victory-bar": {
      "version": "36.7.0",
      "resolved": "https://registry.npmjs.org/victory-bar/-/victory-bar-36.7.0.tgz",
      "integrity": "sha512-kg+mk2mq5c71h9L/VucWJ72efyBRlax5pbxPDoqs1WNiTLe5HhXvgTE6JaSqCg9PGoaQriKJ98yNSg+pp0ktVA==",
      "dependencies": {
        "lodash": "^4.17.19",
        "prop-types": "^15.8.1",
        "victory-core": "^36.7.0",
        "victory-vendor": "^36.7.0"
      },
      "peerDependencies": {
        "react": ">=16.6.0"
      }
    },
    "node_modules/victory-box-plot": {
      "version": "36.7.0",
      "resolved": "https://registry.npmjs.org/victory-box-plot/-/victory-box-plot-36.7.0.tgz",
      "integrity": "sha512-P7B1wMPsLI3vByYpaNSUsYPLBg2sf7iTmVXjnGQdJwtaInu0R2QJlJnHKVUHb5Nw9Ew1rYMd/rY2hgAru0c+Ng==",
      "dependencies": {
        "lodash": "^4.17.19",
        "prop-types": "^15.8.1",
        "victory-core": "^36.7.0",
        "victory-vendor": "^36.7.0"
      },
      "peerDependencies": {
        "react": ">=16.6.0"
      }
    },
    "node_modules/victory-brush-container": {
      "version": "36.7.0",
      "resolved": "https://registry.npmjs.org/victory-brush-container/-/victory-brush-container-36.7.0.tgz",
      "integrity": "sha512-qUQYrSqI7xedly2BskmQMRhg02UhYlBn9GlCruYHY+og2xF1CWNT8KBBVXuN1BO6Y+3H3ypi5NY/Ray/RR+ZDg==",
      "dependencies": {
        "lodash": "^4.17.19",
        "prop-types": "^15.8.1",
        "react-fast-compare": "^3.2.0",
        "victory-core": "^36.7.0"
      },
      "peerDependencies": {
        "react": ">=16.6.0"
      }
    },
    "node_modules/victory-brush-line": {
      "version": "36.7.0",
      "resolved": "https://registry.npmjs.org/victory-brush-line/-/victory-brush-line-36.7.0.tgz",
      "integrity": "sha512-AX7gicQeEBz9scUURyWP0xbslwG87biUBv5xHQd2V06HWPeNQlXzrxCDoEs1D6hLBetv2NOJ5QBxhTZlM338qQ==",
      "dependencies": {
        "lodash": "^4.17.19",
        "prop-types": "^15.8.1",
        "react-fast-compare": "^3.2.0",
        "victory-core": "^36.7.0"
      },
      "peerDependencies": {
        "react": ">=16.6.0"
      }
    },
    "node_modules/victory-candlestick": {
      "version": "36.7.0",
      "resolved": "https://registry.npmjs.org/victory-candlestick/-/victory-candlestick-36.7.0.tgz",
      "integrity": "sha512-+NscDtNmJHuVvh7qi5xLM7flQdgmSwYjKnADL95nGHlfapc759HFA2gsciIvu3lfofaOfpr6XMBpZTG6i585lg==",
      "dependencies": {
        "lodash": "^4.17.19",
        "prop-types": "^15.8.1",
        "victory-core": "^36.7.0"
      },
      "peerDependencies": {
        "react": ">=16.6.0"
      }
    },
    "node_modules/victory-canvas": {
      "version": "36.7.0",
      "resolved": "https://registry.npmjs.org/victory-canvas/-/victory-canvas-36.7.0.tgz",
      "integrity": "sha512-Js0UWv2p9591KqdT29VjNmMyH98qENs6dcYE+T9UftCuJr0icBth1Fe5sHB5LdOf34LMovrWX3eNbnGREGma9Q==",
      "dependencies": {
        "lodash": "^4.17.19",
        "prop-types": "^15.8.1",
        "victory-bar": "^36.7.0",
        "victory-core": "^36.7.0"
      },
      "peerDependencies": {
        "react": ">=16.6.0"
      }
    },
    "node_modules/victory-chart": {
      "version": "36.7.0",
      "resolved": "https://registry.npmjs.org/victory-chart/-/victory-chart-36.7.0.tgz",
      "integrity": "sha512-5Q4hB4kROkQhD8GbzLQMnLeAhx9NvzttLz4wEDyzG5/fl/frN/dl41mjsjk3Uj2ARQjhG0gYqMuYRlO1J13QJw==",
      "dependencies": {
        "lodash": "^4.17.19",
        "prop-types": "^15.8.1",
        "react-fast-compare": "^3.2.0",
        "victory-axis": "^36.7.0",
        "victory-core": "^36.7.0",
        "victory-polar-axis": "^36.7.0",
        "victory-shared-events": "^36.7.0"
      },
      "peerDependencies": {
        "react": ">=16.6.0"
      }
    },
    "node_modules/victory-core": {
      "version": "36.7.0",
      "resolved": "https://registry.npmjs.org/victory-core/-/victory-core-36.7.0.tgz",
      "integrity": "sha512-5dSYy0m4t78qmOX1ouDEmK6KOJ5tsB1ILDAZLqzXxvH0PzLp961UaVacij8Qb6pJja8TtJ6w4J1Em1ethc4aGQ==",
      "dependencies": {
        "lodash": "^4.17.21",
        "prop-types": "^15.8.1",
        "react-fast-compare": "^3.2.0",
        "victory-vendor": "^36.7.0"
      },
      "peerDependencies": {
        "react": ">=16.6.0"
      }
    },
    "node_modules/victory-create-container": {
      "version": "36.7.0",
      "resolved": "https://registry.npmjs.org/victory-create-container/-/victory-create-container-36.7.0.tgz",
      "integrity": "sha512-mz9vYjMJ3u7YrUEOXspztIRRfZll8krXsUgmwPou09y86NN/lVGj0gQ3uttnHpAIGGsel3Kj3LqFbjdcxK1AHQ==",
      "dependencies": {
        "lodash": "^4.17.19",
        "victory-brush-container": "^36.7.0",
        "victory-core": "^36.7.0",
        "victory-cursor-container": "^36.7.0",
        "victory-selection-container": "^36.7.0",
        "victory-voronoi-container": "^36.7.0",
        "victory-zoom-container": "^36.7.0"
      },
      "peerDependencies": {
        "react": ">=16.6.0"
      }
    },
    "node_modules/victory-cursor-container": {
      "version": "36.7.0",
      "resolved": "https://registry.npmjs.org/victory-cursor-container/-/victory-cursor-container-36.7.0.tgz",
      "integrity": "sha512-I2oWTfm/HQD+YzjvCWV5j0FPxODRhvqMYsJvwdRCR7LiPT1lOR+Ygp+jQ9GxJQFkBaGxxZgC3bSxXt/9iO4gWQ==",
      "dependencies": {
        "lodash": "^4.17.19",
        "prop-types": "^15.8.1",
        "victory-core": "^36.7.0"
      },
      "peerDependencies": {
        "react": ">=16.6.0"
      }
    },
    "node_modules/victory-errorbar": {
      "version": "36.7.0",
      "resolved": "https://registry.npmjs.org/victory-errorbar/-/victory-errorbar-36.7.0.tgz",
      "integrity": "sha512-pF+v4YpU9Kt/nkwERnQfverfMEEdFIu5XzRvvzKbvo2OtQX+bs48OVpac29oNKAAp1m2RQLlctuDu6aU0/gzCw==",
      "dependencies": {
        "lodash": "^4.17.19",
        "prop-types": "^15.8.1",
        "victory-core": "^36.7.0"
      },
      "peerDependencies": {
        "react": ">=16.6.0"
      }
    },
    "node_modules/victory-group": {
      "version": "36.7.0",
      "resolved": "https://registry.npmjs.org/victory-group/-/victory-group-36.7.0.tgz",
      "integrity": "sha512-9kb9GTzZ4BBOzWfelBL/iSNu/cIZjJd2TlDW47D0Mtn98TKltQNnywnIUu8+jfOW1ZZUclIQo99Dj74Gnwf9xg==",
      "dependencies": {
        "lodash": "^4.17.19",
        "prop-types": "^15.8.1",
        "react-fast-compare": "^3.2.0",
        "victory-core": "^36.7.0",
        "victory-shared-events": "^36.7.0"
      },
      "peerDependencies": {
        "react": ">=16.6.0"
      }
    },
    "node_modules/victory-histogram": {
      "version": "36.7.0",
      "resolved": "https://registry.npmjs.org/victory-histogram/-/victory-histogram-36.7.0.tgz",
      "integrity": "sha512-4cVL2L/ikE2jLV0GMlLUH4VaE3kjt0htD8nlrXFw/N553AzhrqDOvGk2KzLVg/kXGau2PyoK01rqNfxf35ncgg==",
      "dependencies": {
        "lodash": "^4.17.19",
        "prop-types": "^15.8.1",
        "react-fast-compare": "^3.2.0",
        "victory-bar": "^36.7.0",
        "victory-core": "^36.7.0",
        "victory-vendor": "^36.7.0"
      },
      "peerDependencies": {
        "react": ">=16.6.0"
      }
    },
    "node_modules/victory-legend": {
      "version": "36.7.0",
      "resolved": "https://registry.npmjs.org/victory-legend/-/victory-legend-36.7.0.tgz",
      "integrity": "sha512-3FHdBCo0Mc6+wWHmYCGunlo9tdCfdlsX0kwYBwi76JVZmo/b9GTKIKP8uluerk/8O2e9uZUrmF/CC1bgOGAklw==",
      "dependencies": {
        "lodash": "^4.17.19",
        "prop-types": "^15.8.1",
        "victory-core": "^36.7.0"
      },
      "peerDependencies": {
        "react": ">=16.6.0"
      }
    },
    "node_modules/victory-line": {
      "version": "36.7.0",
      "resolved": "https://registry.npmjs.org/victory-line/-/victory-line-36.7.0.tgz",
      "integrity": "sha512-kRObLRN5ArfkyVKd8Hi3bidyOg0bjI7nP85akIeKAZSUAxDwZ45ZOJUpcIVQRWHb9/4il50heOc7YKrh0JgAbg==",
      "dependencies": {
        "lodash": "^4.17.19",
        "prop-types": "^15.8.1",
        "victory-core": "^36.7.0",
        "victory-vendor": "^36.7.0"
      },
      "peerDependencies": {
        "react": ">=16.6.0"
      }
    },
    "node_modules/victory-native": {
      "version": "36.7.0",
      "resolved": "https://registry.npmjs.org/victory-native/-/victory-native-36.7.0.tgz",
      "integrity": "sha512-qNRztVfC8gaYz3KeEqKPoKBcNPUxywe66Xrl86GoMsz06OwOrwixGVx50B2T047fdGaSWm3MR+oPIvJjrRFO9g==",
      "dependencies": {
        "lodash": "^4.17.21",
        "prop-types": "^15.8.1",
        "react-fast-compare": "^3.2.0",
        "victory": "^36.7.0",
        "victory-area": "^36.7.0",
        "victory-axis": "^36.7.0",
        "victory-bar": "^36.7.0",
        "victory-box-plot": "^36.7.0",
        "victory-brush-container": "^36.7.0",
        "victory-brush-line": "^36.7.0",
        "victory-candlestick": "^36.7.0",
        "victory-chart": "^36.7.0",
        "victory-core": "^36.7.0",
        "victory-create-container": "^36.7.0",
        "victory-cursor-container": "^36.7.0",
        "victory-errorbar": "^36.7.0",
        "victory-group": "^36.7.0",
        "victory-histogram": "^36.7.0",
        "victory-legend": "^36.7.0",
        "victory-line": "^36.7.0",
        "victory-pie": "^36.7.0",
        "victory-polar-axis": "^36.7.0",
        "victory-scatter": "^36.7.0",
        "victory-selection-container": "^36.7.0",
        "victory-shared-events": "^36.7.0",
        "victory-stack": "^36.7.0",
        "victory-tooltip": "^36.7.0",
        "victory-voronoi": "^36.7.0",
        "victory-voronoi-container": "^36.7.0",
        "victory-zoom-container": "^36.7.0"
      },
      "peerDependencies": {
        "react": ">=16.6.0"
      }
    },
    "node_modules/victory-pie": {
      "version": "36.7.0",
      "resolved": "https://registry.npmjs.org/victory-pie/-/victory-pie-36.7.0.tgz",
      "integrity": "sha512-orMVXiceRFd1Y+i4RwSXXETpuMnId2n12l+cuW/fPXWJMRcLuCqHH9PFDB0L3jl8rJCLYwwjisEo6ncwn47q0w==",
      "dependencies": {
        "lodash": "^4.17.19",
        "prop-types": "^15.8.1",
        "victory-core": "^36.7.0",
        "victory-vendor": "^36.7.0"
      },
      "peerDependencies": {
        "react": ">=16.6.0"
      }
    },
    "node_modules/victory-polar-axis": {
      "version": "36.7.0",
      "resolved": "https://registry.npmjs.org/victory-polar-axis/-/victory-polar-axis-36.7.0.tgz",
      "integrity": "sha512-DgQn6s42W9ewGqezkYZwoKkM0bMoSVCz9NArcQUSA1R5uIbTXodsOjguP+SwGAZzqhWPP9lc41yQ/WrsXjrTSA==",
      "dependencies": {
        "lodash": "^4.17.19",
        "prop-types": "^15.8.1",
        "victory-core": "^36.7.0"
      },
      "peerDependencies": {
        "react": ">=16.6.0"
      }
    },
    "node_modules/victory-scatter": {
      "version": "36.7.0",
      "resolved": "https://registry.npmjs.org/victory-scatter/-/victory-scatter-36.7.0.tgz",
      "integrity": "sha512-HeEiygvY2g1XG/+Z8FnGiOriYx2jGkE1KW2SyG/qAW93ROou1vdDGLQq7Db3z+I0FA3DBOLqYbPWWvzBQZwxbQ==",
      "dependencies": {
        "lodash": "^4.17.19",
        "prop-types": "^15.8.1",
        "victory-core": "^36.7.0"
      },
      "peerDependencies": {
        "react": ">=16.6.0"
      }
    },
    "node_modules/victory-selection-container": {
      "version": "36.7.0",
      "resolved": "https://registry.npmjs.org/victory-selection-container/-/victory-selection-container-36.7.0.tgz",
      "integrity": "sha512-/9NEULiyLykFl+9+a8Kq2hvwEWgWV1e2aDIPoeEboU6C4B2AC2yU7Z4sw8Ovtaus6IIvzstYFq2nY4fJ4fxOpg==",
      "dependencies": {
        "lodash": "^4.17.19",
        "prop-types": "^15.8.1",
        "victory-core": "^36.7.0"
      },
      "peerDependencies": {
        "react": ">=16.6.0"
      }
    },
    "node_modules/victory-shared-events": {
      "version": "36.7.0",
      "resolved": "https://registry.npmjs.org/victory-shared-events/-/victory-shared-events-36.7.0.tgz",
      "integrity": "sha512-q8RwkpNcoQcl6MmufPV+WI/7UbhmYBwl9Be0ne4bM0exU3sEftZERg1ql5iPmt/NRPLURSTY2SFfJVNfRIumnQ==",
      "dependencies": {
        "json-stringify-safe": "^5.0.1",
        "lodash": "^4.17.19",
        "prop-types": "^15.8.1",
        "react-fast-compare": "^3.2.0",
        "victory-core": "^36.7.0"
      },
      "peerDependencies": {
        "react": ">=16.6.0"
      }
    },
    "node_modules/victory-stack": {
      "version": "36.7.0",
      "resolved": "https://registry.npmjs.org/victory-stack/-/victory-stack-36.7.0.tgz",
      "integrity": "sha512-+H7yPqDztLlqJmOufKeIhgnPopleCz6IiDPqPExSuMFbgxswua1dS6uFYO9XIlMuodWhwu2TovtL/j1PZoRaxg==",
      "dependencies": {
        "lodash": "^4.17.19",
        "prop-types": "^15.8.1",
        "react-fast-compare": "^3.2.0",
        "victory-core": "^36.7.0",
        "victory-shared-events": "^36.7.0"
      },
      "peerDependencies": {
        "react": ">=16.6.0"
      }
    },
    "node_modules/victory-tooltip": {
      "version": "36.7.0",
      "resolved": "https://registry.npmjs.org/victory-tooltip/-/victory-tooltip-36.7.0.tgz",
      "integrity": "sha512-l6OlY4qvIWF8IXRsOiPEgvhGMJUOVm+alCBVgUKoR/fTaNSTPJto1Aldaj6hhxUAldA22AftHvSdz0HgQAJmGw==",
      "dependencies": {
        "lodash": "^4.17.19",
        "prop-types": "^15.8.1",
        "victory-core": "^36.7.0"
      },
      "peerDependencies": {
        "react": ">=16.6.0"
      }
    },
    "node_modules/victory-vendor": {
      "version": "36.7.0",
      "resolved": "https://registry.npmjs.org/victory-vendor/-/victory-vendor-36.7.0.tgz",
      "integrity": "sha512-nqYuTkLSdTTeACyXcCLbL7rl0y6jpzLPtTNGOtSnajdR+xxMxBdjMxDjfNJNlhR+ZU8vbXz+QejntcbY7h9/ZA==",
      "dependencies": {
        "@types/d3-array": "^3.0.3",
        "@types/d3-ease": "^3.0.0",
        "@types/d3-interpolate": "^3.0.1",
        "@types/d3-scale": "^4.0.2",
        "@types/d3-shape": "^3.1.0",
        "@types/d3-time": "^3.0.0",
        "@types/d3-timer": "^3.0.0",
        "d3-array": "^3.1.6",
        "d3-ease": "^3.0.1",
        "d3-interpolate": "^3.0.1",
        "d3-scale": "^4.0.2",
        "d3-shape": "^3.1.0",
        "d3-time": "^3.0.0",
        "d3-timer": "^3.0.1"
      }
    },
    "node_modules/victory-voronoi": {
      "version": "36.7.0",
      "resolved": "https://registry.npmjs.org/victory-voronoi/-/victory-voronoi-36.7.0.tgz",
      "integrity": "sha512-2WVRJmMwDn5oM/blEFDHMh7aa+M7F2NqB9uqEkY0Ul2O805Nuom+m8EnP0TsTSLsJpEEs1f5C4voo33dPIdtQg==",
      "dependencies": {
        "d3-voronoi": "^1.1.4",
        "lodash": "^4.17.19",
        "prop-types": "^15.8.1",
        "victory-core": "^36.7.0"
      },
      "peerDependencies": {
        "react": ">=16.6.0"
      }
    },
    "node_modules/victory-voronoi-container": {
      "version": "36.7.0",
      "resolved": "https://registry.npmjs.org/victory-voronoi-container/-/victory-voronoi-container-36.7.0.tgz",
      "integrity": "sha512-qRa88Luz08ao/M8J6eVX7PN1JQxVkgjn3fXw+VMpvnUA4Jv51FISBrlSVNi+aP1L4ulsKadj0QO3HChzFIKl4Q==",
      "dependencies": {
        "delaunay-find": "0.0.6",
        "lodash": "^4.17.19",
        "prop-types": "^15.8.1",
        "react-fast-compare": "^3.2.0",
        "victory-core": "^36.7.0",
        "victory-tooltip": "^36.7.0"
      },
      "peerDependencies": {
        "react": ">=16.6.0"
      }
    },
    "node_modules/victory-zoom-container": {
      "version": "36.7.0",
      "resolved": "https://registry.npmjs.org/victory-zoom-container/-/victory-zoom-container-36.7.0.tgz",
      "integrity": "sha512-scVeW1BMmdEpzpFT7EiG+qc7JBQ0kPg/Uy97lQc3elyubn8G/nQ+S9o5YlpHyvwCUQKWOn4hgttgE0d//zflDw==",
      "dependencies": {
        "lodash": "^4.17.19",
        "prop-types": "^15.8.1",
        "victory-core": "^36.7.0"
      },
      "peerDependencies": {
        "react": ">=16.6.0"
      }
    }
  }
}
